
Microsoft Visual Studio Solution File, Format Version 12.00
# Visual Studio 15
VisualStudioVersion = 15.0.26730.15
MinimumVisualStudioVersion = 10.0.40219.1
Project("{FAE04EC0-301F-11D3-BF4B-00C04F79EFBC}") = "12", "12\12.csproj", "{5BCA2760-18F7-408B-82C8-B419F2537681}"
EndProject
Global
	GlobalSection(SolutionConfigurationPlatforms) = preSolution
		Debug|Any CPU = Debug|Any CPU
		Release|Any CPU = Release|Any CPU
	EndGlobalSection
	GlobalSection(ProjectConfigurationPlatforms) = postSolution
		{5BCA2760-18F7-408B-82C8-B419F2537681}.Debug|Any CPU.ActiveCfg = Debug|Any CPU
		{5BCA2760-18F7-408B-82C8-B419F2537681}.Debug|Any CPU.Build.0 = Debug|Any CPU
		{5BCA2760-18F7-408B-82C8-B419F2537681}.Release|Any CPU.ActiveCfg = Release|Any CPU
		{5BCA2760-18F7-408B-82C8-B419F2537681}.Release|Any CPU.Build.0 = Release|Any CPU
	EndGlobalSection
	GlobalSection(SolutionProperties) = preSolution
		HideSolutionNode = FALSE
	EndGlobalSection
	GlobalSection(ExtensibilityGlobals) = postSolution
		SolutionGuid = {838109AA-8180-4956-A492-BA472946D6EE}
	EndGlobalSection
EndGlobal
